
Microsoft Visual Studio Solution File, Format Version 12.00
# Visual Studio Version 17
VisualStudioVersion = 17.14.37012.4 d17.14
MinimumVisualStudioVersion = 10.0.40219.1
Project("{FAE04EC0-301F-11D3-BF4B-00C04F79EFBC}") = "TranHuyenTran_2122110389", "TranHuyenTran_2122110389\TranHuyenTran_2122110389.csproj", "{EB10B312-A201-4255-8FEA-56C98452C4AF}"
EndProject
Global
	GlobalSection(SolutionConfigurationPlatforms) = preSolution
		Debug|Any CPU = Debug|Any CPU
		Release|Any CPU = Release|Any CPU
	EndGlobalSection
	GlobalSection(ProjectConfigurationPlatforms) = postSolution
		{EB10B312-A201-4255-8FEA-56C98452C4AF}.Debug|Any CPU.ActiveCfg = Debug|Any CPU
		{EB10B312-A201-4255-8FEA-56C98452C4AF}.Debug|Any CPU.Build.0 = Debug|Any CPU
		{EB10B312-A201-4255-8FEA-56C98452C4AF}.Release|Any CPU.ActiveCfg = Release|Any CPU
		{EB10B312-A201-4255-8FEA-56C98452C4AF}.Release|Any CPU.Build.0 = Release|Any CPU
	EndGlobalSection
	GlobalSection(SolutionProperties) = preSolution
		HideSolutionNode = FALSE
	EndGlobalSection
	GlobalSection(ExtensibilityGlobals) = postSolution
		SolutionGuid = {4195CD8E-BB0D-4768-8FD0-10B531026647}
	EndGlobalSection
EndGlobal
